%{"bunt": {:hex, :bunt, "0.2.0", "951c6e801e8b1d2cbe58ebbd3e616a869061ddadcc4863d0a2182541acae9a38", [:mix], []},
  "credo": {:hex, :credo, "0.6.1", "a941e2591bd2bd2055dc92b810c174650b40b8290459c89a835af9d59ac4a5f8", [:mix], [{:bunt, "~> 0.2.0", [hex: :bunt, optional: false]}]},
  "yamerl": {:hex, :yamerl, "0.3.3", "df48fe3e6aeaca05ec6c4b35418aa7c77258d0d1c32d578a2e12a14751c10d42", [:rebar3], []},
  "yaml_elixir": {:hex, :yaml_elixir, "1.3.0", "5b945c235f0bc9d49c60927834576952c9e106afbc1dfa76ffcf615d7615e35f", [:mix], [{:yamerl, "~> 0.3.2", [hex: :yamerl, optional: false]}]}}
